
Microsoft Visual Studio Solution File, Format Version 12.00
# Visual Studio Version 16
VisualStudioVersion = 16.0.30711.63
MinimumVisualStudioVersion = 10.0.40219.1
Project("{9A19103F-16F7-4668-BE54-9A1E7A4F7556}") = "Calculator.Math", "Calculator.Math\Calculator.Math.csproj", "{5008D2EC-0177-4188-A629-247D0D03D77E}"
EndProject
Project("{FAE04EC0-301F-11D3-BF4B-00C04F79EFBC}") = "Calculator.Math.Test", "Calculator.Math.Test\Calculator.Math.Test.csproj", "{0DCCDEF9-55D9-4571-AE13-48F1D357B16F}"
EndProject
Global
	GlobalSection(SolutionConfigurationPlatforms) = preSolution
		Debug|Any CPU = Debug|Any CPU
		Release|Any CPU = Release|Any CPU
	EndGlobalSection
	GlobalSection(ProjectConfigurationPlatforms) = postSolution
		{5008D2EC-0177-4188-A629-247D0D03D77E}.Debug|Any CPU.ActiveCfg = Debug|Any CPU
		{5008D2EC-0177-4188-A629-247D0D03D77E}.Debug|Any CPU.Build.0 = Debug|Any CPU
		{5008D2EC-0177-4188-A629-247D0D03D77E}.Release|Any CPU.ActiveCfg = Release|Any CPU
		{5008D2EC-0177-4188-A629-247D0D03D77E}.Release|Any CPU.Build.0 = Release|Any CPU
		{0DCCDEF9-55D9-4571-AE13-48F1D357B16F}.Debug|Any CPU.ActiveCfg = Debug|Any CPU
		{0DCCDEF9-55D9-4571-AE13-48F1D357B16F}.Debug|Any CPU.Build.0 = Debug|Any CPU
		{0DCCDEF9-55D9-4571-AE13-48F1D357B16F}.Release|Any CPU.ActiveCfg = Release|Any CPU
		{0DCCDEF9-55D9-4571-AE13-48F1D357B16F}.Release|Any CPU.Build.0 = Release|Any CPU
	EndGlobalSection
	GlobalSection(SolutionProperties) = preSolution
		HideSolutionNode = FALSE
	EndGlobalSection
	GlobalSection(ExtensibilityGlobals) = postSolution
		SolutionGuid = {AC0FAF9B-A857-48AB-B7D4-DD66E718236B}
	EndGlobalSection
EndGlobal
